
Microsoft Visual Studio Solution File, Format Version 11.00
# Visual Studio 2010
Project("{FAE04EC0-301F-11D3-BF4B-00C04F79EFBC}") = "Assembly-CSharp-firstpass", "Assembly-CSharp-firstpass.csproj", "{C9AA734B-C623-763A-C478-A489C498C044}"
EndProject
Project("{FAE04EC0-301F-11D3-BF4B-00C04F79EFBC}") = "Assembly-CSharp", "Assembly-CSharp.csproj", "{93364877-C492-FB96-D4A4-51661CF4895A}"
EndProject
Project("{FAE04EC0-301F-11D3-BF4B-00C04F79EFBC}") = "Assembly-CSharp-Editor-firstpass", "Assembly-CSharp-Editor-firstpass.csproj", "{62CE9EC1-A23B-3082-9A86-4CEE529A6500}"
EndProject
Global
	GlobalSection(SolutionConfigurationPlatforms) = preSolution
		Debug|Any CPU = Debug|Any CPU
		Release|Any CPU = Release|Any CPU
	EndGlobalSection
	GlobalSection(ProjectConfigurationPlatforms) = postSolution
		{C9AA734B-C623-763A-C478-A489C498C044}.Debug|Any CPU.ActiveCfg = Debug|Any CPU
		{C9AA734B-C623-763A-C478-A489C498C044}.Debug|Any CPU.Build.0 = Debug|Any CPU
		{C9AA734B-C623-763A-C478-A489C498C044}.Release|Any CPU.ActiveCfg = Release|Any CPU
		{C9AA734B-C623-763A-C478-A489C498C044}.Release|Any CPU.Build.0 = Release|Any CPU
		{93364877-C492-FB96-D4A4-51661CF4895A}.Debug|Any CPU.ActiveCfg = Debug|Any CPU
		{93364877-C492-FB96-D4A4-51661CF4895A}.Debug|Any CPU.Build.0 = Debug|Any CPU
		{93364877-C492-FB96-D4A4-51661CF4895A}.Release|Any CPU.ActiveCfg = Release|Any CPU
		{93364877-C492-FB96-D4A4-51661CF4895A}.Release|Any CPU.Build.0 = Release|Any CPU
		{62CE9EC1-A23B-3082-9A86-4CEE529A6500}.Debug|Any CPU.ActiveCfg = Debug|Any CPU
		{62CE9EC1-A23B-3082-9A86-4CEE529A6500}.Debug|Any CPU.Build.0 = Debug|Any CPU
		{62CE9EC1-A23B-3082-9A86-4CEE529A6500}.Release|Any CPU.ActiveCfg = Release|Any CPU
		{62CE9EC1-A23B-3082-9A86-4CEE529A6500}.Release|Any CPU.Build.0 = Release|Any CPU
	EndGlobalSection
	GlobalSection(SolutionProperties) = preSolution
		HideSolutionNode = FALSE
	EndGlobalSection
EndGlobal
